
Microsoft Visual Studio Solution File, Format Version 12.00
# Visual Studio Version 17
VisualStudioVersion = 17.4.33205.214
MinimumVisualStudioVersion = 10.0.40219.1
Project("{FAE04EC0-301F-11D3-BF4B-00C04F79EFBC}") = "гра життя", "гра життя\гра життя.csproj", "{4894569D-55D3-4C65-8052-743FDFB6B6EA}"
EndProject
Global
	GlobalSection(SolutionConfigurationPlatforms) = preSolution
		Debug|Any CPU = Debug|Any CPU
		Release|Any CPU = Release|Any CPU
	EndGlobalSection
	GlobalSection(ProjectConfigurationPlatforms) = postSolution
		{4894569D-55D3-4C65-8052-743FDFB6B6EA}.Debug|Any CPU.ActiveCfg = Debug|Any CPU
		{4894569D-55D3-4C65-8052-743FDFB6B6EA}.Debug|Any CPU.Build.0 = Debug|Any CPU
		{4894569D-55D3-4C65-8052-743FDFB6B6EA}.Release|Any CPU.ActiveCfg = Release|Any CPU
		{4894569D-55D3-4C65-8052-743FDFB6B6EA}.Release|Any CPU.Build.0 = Release|Any CPU
	EndGlobalSection
	GlobalSection(SolutionProperties) = preSolution
		HideSolutionNode = FALSE
	EndGlobalSection
	GlobalSection(ExtensibilityGlobals) = postSolution
		SolutionGuid = {B7B89754-1EBC-4661-9702-6F0076BEEF73}
	EndGlobalSection
EndGlobal
